// !$*UTF8*$!
{
	archiveVersion = 1;
	classes = {
	};
	objectVersion = 56;
	objects = {

/* Begin PBXBuildFile section */
		FDC2D6482B9879650016BC5D /* MemoryGame_Lesson1App.swift in Sources */ = {isa = PBXBuildFile; fileRef = FDC2D6472B9879650016BC5D /* MemoryGame_Lesson1App.swift */; };
		FDC2D64A2B9879650016BC5D /* ContentView.swift in Sources */ = {isa = PBXBuildFile; fileRef = FDC2D6492B9879650016BC5D /* ContentView.swift */; };
		FDC2D64C2B9879670016BC5D /* Assets.xcassets in Resources */ = {isa = PBXBuildFile; fileRef = FDC2D64B2B9879670016BC5D /* Assets.xcassets */; };
		FDC2D64F2B9879670016BC5D /* Preview Assets.xcassets in Resources */ = {isa = PBXBuildFile; fileRef = FDC2D64E2B9879670016BC5D /* Preview Assets.xcassets */; };
		FDC2D6592B9879670016BC5D /* MemoryGame_Lesson1Tests.swift in Sources */ = {isa = PBXBuildFile; fileRef = FDC2D6582B9879670016BC5D /* MemoryGame_Lesson1Tests.swift */; };
		FDC2D6632B9879680016BC5D /* MemoryGame_Lesson1UITests.swift in Sources */ = {isa = PBXBuildFile; fileRef = FDC2D6622B9879680016BC5D /* MemoryGame_Lesson1UITests.swift */; };
		FDC2D6652B9879680016BC5D /* MemoryGame_Lesson1UITestsLaunchTests.swift in Sources */ = {isa = PBXBuildFile; fileRef = FDC2D6642B9879680016BC5D /* MemoryGame_Lesson1UITestsLaunchTests.swift */; };
/* End PBXBuildFile section */

/* Begin PBXContainerItemProxy section */
		FDC2D6552B9879670016BC5D /* PBXContainerItemProxy */ = {
			isa = PBXContainerItemProxy;
			containerPortal = FDC2D63C2B9879650016BC5D /* Project object */;
			proxyType = 1;
			remoteGlobalIDString = FDC2D6432B9879650016BC5D;
			remoteInfo = MemoryGame_Lesson1;
		};
		FDC2D65F2B9879680016BC5D /* PBXContainerItemProxy */ = {
			isa = PBXContainerItemProxy;
			containerPortal = FDC2D63C2B9879650016BC5D /* Project object */;
			proxyType = 1;
			remoteGlobalIDString = FDC2D6432B9879650016BC5D;
			remoteInfo = MemoryGame_Lesson1;
		};
/* End PBXContainerItemProxy section */

/* Begin PBXFileReference section */
		FDC2D6442B9879650016BC5D /* MemoryGame_Lesson1.app */ = {isa = PBXFileReference; explicitFileType = wrapper.application; includeInIndex = 0; path = MemoryGame_Lesson1.app; sourceTree = BUILT_PRODUCTS_DIR; };
		FDC2D6472B9879650016BC5D /* MemoryGame_Lesson1App.swift */ = {isa = PBXFileReference; lastKnownFileType = sourcecode.swift; path = MemoryGame_Lesson1App.swift; sourceTree = "<group>"; };
		FDC2D6492B9879650016BC5D /* ContentView.swift */ = {isa = PBXFileReference; lastKnownFileType = sourcecode.swift; path = ContentView.swift; sourceTree = "<group>"; };
		FDC2D64B2B9879670016BC5D /* Assets.xcassets */ = {isa = PBXFileReference; lastKnownFileType = folder.assetcatalog; path = Assets.xcassets; sourceTree = "<group>"; };
		FDC2D64E2B9879670016BC5D /* Preview Assets.xcassets */ = {isa = PBXFileReference; lastKnownFileType = folder.assetcatalog; path = "Preview Assets.xcassets"; sourceTree = "<group>"; };
		FDC2D6542B9879670016BC5D /* MemoryGame_Lesson1Tests.xctest */ = {isa = PBXFileReference; explicitFileType = wrapper.cfbundle; includeInIndex = 0; path = MemoryGame_Lesson1Tests.xctest; sourceTree = BUILT_PRODUCTS_DIR; };
		FDC2D6582B9879670016BC5D /* MemoryGame_Lesson1Tests.swift */ = {isa = PBXFileReference; lastKnownFileType = sourcecode.swift; path = MemoryGame_Lesson1Tests.swift; sourceTree = "<group>"; };
		FDC2D65E2B9879680016BC5D /* MemoryGame_Lesson1UITests.xctest */ = {isa = PBXFileReference; explicitFileType = wrapper.cfbundle; includeInIndex = 0; path = MemoryGame_Lesson1UITests.xctest; sourceTree = BUILT_PRODUCTS_DIR; };
		FDC2D6622B9879680016BC5D /* MemoryGame_Lesson1UITests.swift */ = {isa = PBXFileReference; lastKnownFileType = sourcecode.swift; path = MemoryGame_Lesson1UITests.swift; sourceTree = "<group>"; };
		FDC2D6642B9879680016BC5D /* MemoryGame_Lesson1UITestsLaunchTests.swift */ = {isa = PBXFileReference; lastKnownFileType = sourcecode.swift; path = MemoryGame_Lesson1UITestsLaunchTests.swift; sourceTree = "<group>"; };
/* End PBXFileReference section */

/* Begin PBXFrameworksBuildPhase section */
		FDC2D6412B9879650016BC5D /* Frameworks */ = {
			isa = PBXFrameworksBuildPhase;
			buildActionMask = 2147483647;
			files = (
			);
			runOnlyForDeploymentPostprocessing = 0;
		};
		FDC2D6512B9879670016BC5D /* Frameworks */ = {
			isa = PBXFrameworksBuildPhase;
			buildActionMask = 2147483647;
			files = (
			);
			runOnlyForDeploymentPostprocessing = 0;
		};
		FDC2D65B2B9879680016BC5D /* Frameworks */ = {
			isa = PBXFrameworksBuildPhase;
			buildActionMask = 2147483647;
			files = (
			);
			runOnlyForDeploymentPostprocessing = 0;
		};
/* End PBXFrameworksBuildPhase section */

/* Begin PBXGroup section */
		FDC2D63B2B9879650016BC5D = {
			isa = PBXGroup;
			children = (
				FDC2D6462B9879650016BC5D /* MemoryGame_Lesson1 */,
				FDC2D6572B9879670016BC5D /* MemoryGame_Lesson1Tests */,
				FDC2D6612B9879680016BC5D /* MemoryGame_Lesson1UITests */,
				FDC2D6452B9879650016BC5D /* Products */,
			);
			sourceTree = "<group>";
		};
		FDC2D6452B9879650016BC5D /* Products */ = {
			isa = PBXGroup;
			children = (
				FDC2D6442B9879650016BC5D /* MemoryGame_Lesson1.app */,
				FDC2D6542B9879670016BC5D /* MemoryGame_Lesson1Tests.xctest */,
				FDC2D65E2B9879680016BC5D /* MemoryGame_Lesson1UITests.xctest */,
			);
			name = Products;
			sourceTree = "<group>";
		};
		FDC2D6462B9879650016BC5D /* MemoryGame_Lesson1 */ = {
			isa = PBXGroup;
			children = (
				FDC2D6472B9879650016BC5D /* MemoryGame_Lesson1App.swift */,
				FDC2D6492B9879650016BC5D /* ContentView.swift */,
				FDC2D64B2B9879670016BC5D /* Assets.xcassets */,
				FDC2D64D2B9879670016BC5D /* Preview Content */,
			);
			path = MemoryGame_Lesson1;
			sourceTree = "<group>";
		};
		FDC2D64D2B9879670016BC5D /* Preview Content */ = {
			isa = PBXGroup;
			children = (
				FDC2D64E2B9879670016BC5D /* Preview Assets.xcassets */,
			);
			path = "Preview Content";
			sourceTree = "<group>";
		};
		FDC2D6572B9879670016BC5D /* MemoryGame_Lesson1Tests */ = {
			isa = PBXGroup;
			children = (
				FDC2D6582B9879670016BC5D /* MemoryGame_Lesson1Tests.swift */,
			);
			path = MemoryGame_Lesson1Tests;
			sourceTree = "<group>";
		};
		FDC2D6612B9879680016BC5D /* MemoryGame_Lesson1UITests */ = {
			isa = PBXGroup;
			children = (
				FDC2D6622B9879680016BC5D /* MemoryGame_Lesson1UITests.swift */,
				FDC2D6642B9879680016BC5D /* MemoryGame_Lesson1UITestsLaunchTests.swift */,
			);
			path = MemoryGame_Lesson1UITests;
			sourceTree = "<group>";
		};
/* End PBXGroup section */

/* Begin PBXNativeTarget section */
		FDC2D6432B9879650016BC5D /* MemoryGame_Lesson1 */ = {
			isa = PBXNativeTarget;
			buildConfigurationList = FDC2D6682B9879680016BC5D /* Build configuration list for PBXNativeTarget "MemoryGame_Lesson1" */;
			buildPhases = (
				FDC2D6402B9879650016BC5D /* Sources */,
				FDC2D6412B9879650016BC5D /* Frameworks */,
				FDC2D6422B9879650016BC5D /* Resources */,
			);
			buildRules = (
			);
			dependencies = (
			);
			name = MemoryGame_Lesson1;
			productName = MemoryGame_Lesson1;
			productReference = FDC2D6442B9879650016BC5D /* MemoryGame_Lesson1.app */;
			productType = "com.apple.product-type.application";
		};
		FDC2D6532B9879670016BC5D /* MemoryGame_Lesson1Tests */ = {
			isa = PBXNativeTarget;
			buildConfigurationList = FDC2D66B2B9879680016BC5D /* Build configuration list for PBXNativeTarget "MemoryGame_Lesson1Tests" */;
			buildPhases = (
				FDC2D6502B9879670016BC5D /* Sources */,
				FDC2D6512B9879670016BC5D /* Frameworks */,
				FDC2D6522B9879670016BC5D /* Resources */,
			);
			buildRules = (
			);
			dependencies = (
				FDC2D6562B9879670016BC5D /* PBXTargetDependency */,
			);
			name = MemoryGame_Lesson1Tests;
			productName = MemoryGame_Lesson1Tests;
			productReference = FDC2D6542B9879670016BC5D /* MemoryGame_Lesson1Tests.xctest */;
			productType = "com.apple.product-type.bundle.unit-test";
		};
		FDC2D65D2B9879680016BC5D /* MemoryGame_Lesson1UITests */ = {
			isa = PBXNativeTarget;
			buildConfigurationList = FDC2D66E2B9879680016BC5D /* Build configuration list for PBXNativeTarget "MemoryGame_Lesson1UITests" */;
			buildPhases = (
				FDC2D65A2B9879680016BC5D /* Sources */,
				FDC2D65B2B9879680016BC5D /* Frameworks */,
				FDC2D65C2B9879680016BC5D /* Resources */,
			);
			buildRules = (
			);
			dependencies = (
				FDC2D6602B9879680016BC5D /* PBXTargetDependency */,
			);
			name = MemoryGame_Lesson1UITests;
			productName = MemoryGame_Lesson1UITests;
			productReference = FDC2D65E2B9879680016BC5D /* MemoryGame_Lesson1UITests.xctest */;
			productType = "com.apple.product-type.bundle.ui-testing";
		};
/* End PBXNativeTarget section */

/* Begin PBXProject section */
		FDC2D63C2B9879650016BC5D /* Project object */ = {
			isa = PBXProject;
			attributes = {
				BuildIndependentTargetsInParallel = 1;
				LastSwiftUpdateCheck = 1430;
				LastUpgradeCheck = 1430;
				TargetAttributes = {
					FDC2D6432B9879650016BC5D = {
						CreatedOnToolsVersion = 14.3.1;
					};
					FDC2D6532B9879670016BC5D = {
						CreatedOnToolsVersion = 14.3.1;
						TestTargetID = FDC2D6432B9879650016BC5D;
					};
					FDC2D65D2B9879680016BC5D = {
						CreatedOnToolsVersion = 14.3.1;
						TestTargetID = FDC2D6432B9879650016BC5D;
					};
				};
			};
			buildConfigurationList = FDC2D63F2B9879650016BC5D /* Build configuration list for PBXProject "MemoryGame_Lesson1" */;
			compatibilityVersion = "Xcode 14.0";
			developmentRegion = en;
			hasScannedForEncodings = 0;
			knownRegions = (
				en,
				Base,
			);
			mainGroup = FDC2D63B2B9879650016BC5D;
			productRefGroup = FDC2D6452B9879650016BC5D /* Products */;
			projectDirPath = "";
			projectRoot = "";
			targets = (
				FDC2D6432B9879650016BC5D /* MemoryGame_Lesson1 */,
				FDC2D6532B9879670016BC5D /* MemoryGame_Lesson1Tests */,
				FDC2D65D2B9879680016BC5D /* MemoryGame_Lesson1UITests */,
			);
		};
/* End PBXProject section */

/* Begin PBXResourcesBuildPhase section */
		FDC2D6422B9879650016BC5D /* Resources */ = {
			isa = PBXResourcesBuildPhase;
			buildActionMask = 2147483647;
			files = (
				FDC2D64F2B9879670016BC5D /* Preview Assets.xcassets in Resources */,
				FDC2D64C2B9879670016BC5D /* Assets.xcassets in Resources */,
			);
			runOnlyForDeploymentPostprocessing = 0;
		};
		FDC2D6522B9879670016BC5D /* Resources */ = {
			isa = PBXResourcesBuildPhase;
			buildActionMask = 2147483647;
			files = (
			);
			runOnlyForDeploymentPostprocessing = 0;
		};
		FDC2D65C2B9879680016BC5D /* Resources */ = {
			isa = PBXResourcesBuildPhase;
			buildActionMask = 2147483647;
			files = (
			);
			runOnlyForDeploymentPostprocessing = 0;
		};
/* End PBXResourcesBuildPhase section */

/* Begin PBXSourcesBuildPhase section */
		FDC2D6402B9879650016BC5D /* Sources */ = {
			isa = PBXSourcesBuildPhase;
			buildActionMask = 2147483647;
			files = (
				FDC2D64A2B9879650016BC5D /* ContentView.swift in Sources */,
				FDC2D6482B9879650016BC5D /* MemoryGame_Lesson1App.swift in Sources */,
			);
			runOnlyForDeploymentPostprocessing = 0;
		};
		FDC2D6502B9879670016BC5D /* Sources */ = {
			isa = PBXSourcesBuildPhase;
			buildActionMask = 2147483647;
			files = (
				FDC2D6592B9879670016BC5D /* MemoryGame_Lesson1Tests.swift in Sources */,
			);
			runOnlyForDeploymentPostprocessing = 0;
		};
		FDC2D65A2B9879680016BC5D /* Sources */ = {
			isa = PBXSourcesBuildPhase;
			buildActionMask = 2147483647;
			files = (
				FDC2D6632B9879680016BC5D /* MemoryGame_Lesson1UITests.swift in Sources */,
				FDC2D6652B9879680016BC5D /* MemoryGame_Lesson1UITestsLaunchTests.swift in Sources */,
			);
			runOnlyForDeploymentPostprocessing = 0;
		};
/* End PBXSourcesBuildPhase section */

/* Begin PBXTargetDependency section */
		FDC2D6562B9879670016BC5D /* PBXTargetDependency */ = {
			isa = PBXTargetDependency;
			target = FDC2D6432B9879650016BC5D /* MemoryGame_Lesson1 */;
			targetProxy = FDC2D6552B9879670016BC5D /* PBXContainerItemProxy */;
		};
		FDC2D6602B9879680016BC5D /* PBXTargetDependency */ = {
			isa = PBXTargetDependency;
			target = FDC2D6432B9879650016BC5D /* MemoryGame_Lesson1 */;
			targetProxy = FDC2D65F2B9879680016BC5D /* PBXContainerItemProxy */;
		};
/* End PBXTargetDependency section */

/* Begin XCBuildConfiguration section */
		FDC2D6662B9879680016BC5D /* Debug */ = {
			isa = XCBuildConfiguration;
			buildSettings = {
				ALWAYS_SEARCH_USER_PATHS = NO;
				CLANG_ANALYZER_NONNULL = YES;
				CLANG_ANALYZER_NUMBER_OBJECT_CONVERSION = YES_AGGRESSIVE;
				CLANG_CXX_LANGUAGE_STANDARD = "gnu++20";
				CLANG_ENABLE_MODULES = YES;
				CLANG_ENABLE_OBJC_ARC = YES;
				CLANG_ENABLE_OBJC_WEAK = YES;
				CLANG_WARN_BLOCK_CAPTURE_AUTORELEASING = YES;
				CLANG_WARN_BOOL_CONVERSION = YES;
				CLANG_WARN_COMMA = YES;
				CLANG_WARN_CONSTANT_CONVERSION = YES;
				CLANG_WARN_DEPRECATED_OBJC_IMPLEMENTATIONS = YES;
				CLANG_WARN_DIRECT_OBJC_ISA_USAGE = YES_ERROR;
				CLANG_WARN_DOCUMENTATION_COMMENTS = YES;
				CLANG_WARN_EMPTY_BODY = YES;
				CLANG_WARN_ENUM_CONVERSION = YES;
				CLANG_WARN_INFINITE_RECURSION = YES;
				CLANG_WARN_INT_CONVERSION = YES;
				CLANG_WARN_NON_LITERAL_NULL_CONVERSION = YES;
				CLANG_WARN_OBJC_IMPLICIT_RETAIN_SELF = YES;
				CLANG_WARN_OBJC_LITERAL_CONVERSION = YES;
				CLANG_WARN_OBJC_ROOT_CLASS = YES_ERROR;
				CLANG_WARN_QUOTED_INCLUDE_IN_FRAMEWORK_HEADER = YES;
				CLANG_WARN_RANGE_LOOP_ANALYSIS = YES;
				CLANG_WARN_STRICT_PROTOTYPES = YES;
				CLANG_WARN_SUSPICIOUS_MOVE = YES;
				CLANG_WARN_UNGUARDED_AVAILABILITY = YES_AGGRESSIVE;
				CLANG_WARN_UNREACHABLE_CODE = YES;
				CLANG_WARN__DUPLICATE_METHOD_MATCH = YES;
				COPY_PHASE_STRIP = NO;
				DEBUG_INFORMATION_FORMAT = dwarf;
				ENABLE_STRICT_OBJC_MSGSEND = YES;
				ENABLE_TESTABILITY = YES;
				GCC_C_LANGUAGE_STANDARD = gnu11;
				GCC_DYNAMIC_NO_PIC = NO;
				GCC_NO_COMMON_BLOCKS = YES;
				GCC_OPTIMIZATION_LEVEL = 0;
				GCC_PREPROCESSOR_DEFINITIONS = (
					"DEBUG=1",
					"$(inherited)",
				);
				GCC_WARN_64_TO_32_BIT_CONVERSION = YES;
				GCC_WARN_ABOUT_RETURN_TYPE = YES_ERROR;
				GCC_WARN_UNDECLARED_SELECTOR = YES;
				GCC_WARN_UNINITIALIZED_AUTOS = YES_AGGRESSIVE;
				GCC_WARN_UNUSED_FUNCTION = YES;
				GCC_WARN_UNUSED_VARIABLE = YES;
				IPHONEOS_DEPLOYMENT_TARGET = 16.4;
				MTL_ENABLE_DEBUG_INFO = INCLUDE_SOURCE;
				MTL_FAST_MATH = YES;
				ONLY_ACTIVE_ARCH = YES;
				SDKROOT = iphoneos;
				SWIFT_ACTIVE_COMPILATION_CONDITIONS = DEBUG;
				SWIFT_OPTIMIZATION_LEVEL = "-Onone";
			};
			name = Debug;
		};
		FDC2D6672B9879680016BC5D /* Release */ = {
			isa = XCBuildConfiguration;
			buildSettings = {
				ALWAYS_SEARCH_USER_PATHS = NO;
				CLANG_ANALYZER_NONNULL = YES;
				CLANG_ANALYZER_NUMBER_OBJECT_CONVERSION = YES_AGGRESSIVE;
				CLANG_CXX_LANGUAGE_STANDARD = "gnu++20";
				CLANG_ENABLE_MODULES = YES;
				CLANG_ENABLE_OBJC_ARC = YES;
				CLANG_ENABLE_OBJC_WEAK = YES;
				CLANG_WARN_BLOCK_CAPTURE_AUTORELEASING = YES;
				CLANG_WARN_BOOL_CONVERSION = YES;
				CLANG_WARN_COMMA = YES;
				CLANG_WARN_CONSTANT_CONVERSION = YES;
				CLANG_WARN_DEPRECATED_OBJC_IMPLEMENTATIONS = YES;
				CLANG_WARN_DIRECT_OBJC_ISA_USAGE = YES_ERROR;
				CLANG_WARN_DOCUMENTATION_COMMENTS = YES;
				CLANG_WARN_EMPTY_BODY = YES;
				CLANG_WARN_ENUM_CONVERSION = YES;
				CLANG_WARN_INFINITE_RECURSION = YES;
				CLANG_WARN_INT_CONVERSION = YES;
				CLANG_WARN_NON_LITERAL_NULL_CONVERSION = YES;
				CLANG_WARN_OBJC_IMPLICIT_RETAIN_SELF = YES;
				CLANG_WARN_OBJC_LITERAL_CONVERSION = YES;
				CLANG_WARN_OBJC_ROOT_CLASS = YES_ERROR;
				CLANG_WARN_QUOTED_INCLUDE_IN_FRAMEWORK_HEADER = YES;
				CLANG_WARN_RANGE_LOOP_ANALYSIS = YES;
				CLANG_WARN_STRICT_PROTOTYPES = YES;
				CLANG_WARN_SUSPICIOUS_MOVE = YES;
				CLANG_WARN_UNGUARDED_AVAILABILITY = YES_AGGRESSIVE;
				CLANG_WARN_UNREACHABLE_CODE = YES;
				CLANG_WARN__DUPLICATE_METHOD_MATCH = YES;
				COPY_PHASE_STRIP = NO;
				DEBUG_INFORMATION_FORMAT = "dwarf-with-dsym";
				ENABLE_NS_ASSERTIONS = NO;
				ENABLE_STRICT_OBJC_MSGSEND = YES;
				GCC_C_LANGUAGE_STANDARD = gnu11;
				GCC_NO_COMMON_BLOCKS = YES;
				GCC_WARN_64_TO_32_BIT_CONVERSION = YES;
				GCC_WARN_ABOUT_RETURN_TYPE = YES_ERROR;
				GCC_WARN_UNDECLARED_SELECTOR = YES;
				GCC_WARN_UNINITIALIZED_AUTOS = YES_AGGRESSIVE;
				GCC_WARN_UNUSED_FUNCTION = YES;
				GCC_WARN_UNUSED_VARIABLE = YES;
				IPHONEOS_DEPLOYMENT_TARGET = 16.4;
				MTL_ENABLE_DEBUG_INFO = NO;
				MTL_FAST_MATH = YES;
				SDKROOT = iphoneos;
				SWIFT_COMPILATION_MODE = wholemodule;
				SWIFT_OPTIMIZATION_LEVEL = "-O";
				VALIDATE_PRODUCT = YES;
			};
			name = Release;
		};
		FDC2D6692B9879680016BC5D /* Debug */ = {
			isa = XCBuildConfiguration;
			buildSettings = {
				ASSETCATALOG_COMPILER_APPICON_NAME = AppIcon;
				ASSETCATALOG_COMPILER_GLOBAL_ACCENT_COLOR_NAME = AccentColor;
				CODE_SIGN_STYLE = Automatic;
				CURRENT_PROJECT_VERSION = 1;
				DEVELOPMENT_ASSET_PATHS = "\"MemoryGame_Lesson1/Preview Content\"";
				ENABLE_PREVIEWS = YES;
				GENERATE_INFOPLIST_FILE = YES;
				INFOPLIST_KEY_LSApplicationCategoryType = "public.app-category.games";
				INFOPLIST_KEY_UIApplicationSceneManifest_Generation = YES;
				INFOPLIST_KEY_UIApplicationSupportsIndirectInputEvents = YES;
				INFOPLIST_KEY_UILaunchScreen_Generation = YES;
				INFOPLIST_KEY_UISupportedInterfaceOrientations_iPad = "UIInterfaceOrientationPortrait UIInterfaceOrientationPortraitUpsideDown UIInterfaceOrientationLandscapeLeft UIInterfaceOrientationLandscapeRight";
				INFOPLIST_KEY_UISupportedInterfaceOrientations_iPhone = "UIInterfaceOrientationPortrait UIInterfaceOrientationLandscapeLeft UIInterfaceOrientationLandscapeRight";
				IPHONEOS_DEPLOYMENT_TARGET = 16.4;
				LD_RUNPATH_SEARCH_PATHS = (
					"$(inherited)",
					"@executable_path/Frameworks",
				);
				MARKETING_VERSION = 1.0;
				PRODUCT_BUNDLE_IDENTIFIER = "RoddySu-ECUST.MemoryGame-Lesson1";
				PRODUCT_NAME = "$(TARGET_NAME)";
				SWIFT_EMIT_LOC_STRINGS = YES;
				SWIFT_VERSION = 5.0;
				TARGETED_DEVICE_FAMILY = "1,2";
			};
			name = Debug;
		};
		FDC2D66A2B9879680016BC5D /* Release */ = {
			isa = XCBuildConfiguration;
			buildSettings = {
				ASSETCATALOG_COMPILER_APPICON_NAME = AppIcon;
				ASSETCATALOG_COMPILER_GLOBAL_ACCENT_COLOR_NAME = AccentColor;
				CODE_SIGN_STYLE = Automatic;
				CURRENT_PROJECT_VERSION = 1;
				DEVELOPMENT_ASSET_PATHS = "\"MemoryGame_Lesson1/Preview Content\"";
				ENABLE_PREVIEWS = YES;
				GENERATE_INFOPLIST_FILE = YES;
				INFOPLIST_KEY_LSApplicationCategoryType = "public.app-category.games";
				INFOPLIST_KEY_UIApplicationSceneManifest_Generation = YES;
				INFOPLIST_KEY_UIApplicationSupportsIndirectInputEvents = YES;
				INFOPLIST_KEY_UILaunchScreen_Generation = YES;
				INFOPLIST_KEY_UISupportedInterfaceOrientations_iPad = "UIInterfaceOrientationPortrait UIInterfaceOrientationPortraitUpsideDown UIInterfaceOrientationLandscapeLeft UIInterfaceOrientationLandscapeRight";
				INFOPLIST_KEY_UISupportedInterfaceOrientations_iPhone = "UIInterfaceOrientationPortrait UIInterfaceOrientationLandscapeLeft UIInterfaceOrientationLandscapeRight";
				IPHONEOS_DEPLOYMENT_TARGET = 16.4;
				LD_RUNPATH_SEARCH_PATHS = (
					"$(inherited)",
					"@executable_path/Frameworks",
				);
				MARKETING_VERSION = 1.0;
				PRODUCT_BUNDLE_IDENTIFIER = "RoddySu-ECUST.MemoryGame-Lesson1";
				PRODUCT_NAME = "$(TARGET_NAME)";
				SWIFT_EMIT_LOC_STRINGS = YES;
				SWIFT_VERSION = 5.0;
				TARGETED_DEVICE_FAMILY = "1,2";
			};
			name = Release;
		};
		FDC2D66C2B9879680016BC5D /* Debug */ = {
			isa = XCBuildConfiguration;
			buildSettings = {
				ALWAYS_EMBED_SWIFT_STANDARD_LIBRARIES = YES;
				BUNDLE_LOADER = "$(TEST_HOST)";
				CODE_SIGN_STYLE = Automatic;
				CURRENT_PROJECT_VERSION = 1;
				GENERATE_INFOPLIST_FILE = YES;
				IPHONEOS_DEPLOYMENT_TARGET = 16.4;
				MARKETING_VERSION = 1.0;
				PRODUCT_BUNDLE_IDENTIFIER = "RoddySu-ECUST.MemoryGame-Lesson1Tests";
				PRODUCT_NAME = "$(TARGET_NAME)";
				SWIFT_EMIT_LOC_STRINGS = NO;
				SWIFT_VERSION = 5.0;
				TARGETED_DEVICE_FAMILY = "1,2";
				TEST_HOST = "$(BUILT_PRODUCTS_DIR)/MemoryGame_Lesson1.app/$(BUNDLE_EXECUTABLE_FOLDER_PATH)/MemoryGame_Lesson1";
			};
			name = Debug;
		};
		FDC2D66D2B9879680016BC5D /* Release */ = {
			isa = XCBuildConfiguration;
			buildSettings = {
				ALWAYS_EMBED_SWIFT_STANDARD_LIBRARIES = YES;
				BUNDLE_LOADER = "$(TEST_HOST)";
				CODE_SIGN_STYLE = Automatic;
				CURRENT_PROJECT_VERSION = 1;
				GENERATE_INFOPLIST_FILE = YES;
				IPHONEOS_DEPLOYMENT_TARGET = 16.4;
				MARKETING_VERSION = 1.0;
				PRODUCT_BUNDLE_IDENTIFIER = "RoddySu-ECUST.MemoryGame-Lesson1Tests";
				PRODUCT_NAME = "$(TARGET_NAME)";
				SWIFT_EMIT_LOC_STRINGS = NO;
				SWIFT_VERSION = 5.0;
				TARGETED_DEVICE_FAMILY = "1,2";
				TEST_HOST = "$(BUILT_PRODUCTS_DIR)/MemoryGame_Lesson1.app/$(BUNDLE_EXECUTABLE_FOLDER_PATH)/MemoryGame_Lesson1";
			};
			name = Release;
		};
		FDC2D66F2B9879680016BC5D /* Debug */ = {
			isa = XCBuildConfiguration;
			buildSettings = {
				ALWAYS_EMBED_SWIFT_STANDARD_LIBRARIES = YES;
				CODE_SIGN_STYLE = Automatic;
				CURRENT_PROJECT_VERSION = 1;
				GENERATE_INFOPLIST_FILE = YES;
				MARKETING_VERSION = 1.0;
				PRODUCT_BUNDLE_IDENTIFIER = "RoddySu-ECUST.MemoryGame-Lesson1UITests";
				PRODUCT_NAME = "$(TARGET_NAME)";
				SWIFT_EMIT_LOC_STRINGS = NO;
				SWIFT_VERSION = 5.0;
				TARGETED_DEVICE_FAMILY = "1,2";
				TEST_TARGET_NAME = MemoryGame_Lesson1;
			};
			name = Debug;
		};
		FDC2D6702B9879680016BC5D /* Release */ = {
			isa = XCBuildConfiguration;
			buildSettings = {
				ALWAYS_EMBED_SWIFT_STANDARD_LIBRARIES = YES;
				CODE_SIGN_STYLE = Automatic;
				CURRENT_PROJECT_VERSION = 1;
				GENERATE_INFOPLIST_FILE = YES;
				MARKETING_VERSION = 1.0;
				PRODUCT_BUNDLE_IDENTIFIER = "RoddySu-ECUST.MemoryGame-Lesson1UITests";
				PRODUCT_NAME = "$(TARGET_NAME)";
				SWIFT_EMIT_LOC_STRINGS = NO;
				SWIFT_VERSION = 5.0;
				TARGETED_DEVICE_FAMILY = "1,2";
				TEST_TARGET_NAME = MemoryGame_Lesson1;
			};
			name = Release;
		};
/* End XCBuildConfiguration section */

/* Begin XCConfigurationList section */
		FDC2D63F2B9879650016BC5D /* Build configuration list for PBXProject "MemoryGame_Lesson1" */ = {
			isa = XCConfigurationList;
			buildConfigurations = (
				FDC2D6662B9879680016BC5D /* Debug */,
				FDC2D6672B9879680016BC5D /* Release */,
			);
			defaultConfigurationIsVisible = 0;
			defaultConfigurationName = Release;
		};
		FDC2D6682B9879680016BC5D /* Build configuration list for PBXNativeTarget "MemoryGame_Lesson1" */ = {
			isa = XCConfigurationList;
			buildConfigurations = (
				FDC2D6692B9879680016BC5D /* Debug */,
				FDC2D66A2B9879680016BC5D /* Release */,
			);
			defaultConfigurationIsVisible = 0;
			defaultConfigurationName = Release;
		};
		FDC2D66B2B9879680016BC5D /* Build configuration list for PBXNativeTarget "MemoryGame_Lesson1Tests" */ = {
			isa = XCConfigurationList;
			buildConfigurations = (
				FDC2D66C2B9879680016BC5D /* Debug */,
				FDC2D66D2B9879680016BC5D /* Release */,
			);
			defaultConfigurationIsVisible = 0;
			defaultConfigurationName = Release;
		};
		FDC2D66E2B9879680016BC5D /* Build configuration list for PBXNativeTarget "MemoryGame_Lesson1UITests" */ = {
			isa = XCConfigurationList;
			buildConfigurations = (
				FDC2D66F2B9879680016BC5D /* Debug */,
				FDC2D6702B9879680016BC5D /* Release */,
			);
			defaultConfigurationIsVisible = 0;
			defaultConfigurationName = Release;
		};
/* End XCConfigurationList section */
	};
	rootObject = FDC2D63C2B9879650016BC5D /* Project object */;
}
